// !$*UTF8*$!
{
	archiveVersion = 1;
	classes = {
	};
	objectVersion = 56;
	objects = {

/* Begin PBXBuildFile section */
		C98802FA2BA78BE300C7A0D6 /* CalculatorAppApp.swift in Sources */ = {isa = PBXBuildFile; fileRef = C98802F92BA78BE300C7A0D6 /* CalculatorAppApp.swift */; };
		C98802FC2BA78BE300C7A0D6 /* CalculatorHome.swift in Sources */ = {isa = PBXBuildFile; fileRef = C98802FB2BA78BE300C7A0D6 /* CalculatorHome.swift */; };
		C98802FE2BA78BE500C7A0D6 /* Assets.xcassets in Resources */ = {isa = PBXBuildFile; fileRef = C98802FD2BA78BE500C7A0D6 /* Assets.xcassets */; };
		C98803012BA78BE500C7A0D6 /* Preview Assets.xcassets in Resources */ = {isa = PBXBuildFile; fileRef = C98803002BA78BE500C7A0D6 /* Preview Assets.xcassets */; };
		C988030B2BA78C3B00C7A0D6 /* CalculatorButton.swift in Sources */ = {isa = PBXBuildFile; fileRef = C988030A2BA78C3B00C7A0D6 /* CalculatorButton.swift */; };
		C988030D2BA78D6500C7A0D6 /* CalculatorRow.swift in Sources */ = {isa = PBXBuildFile; fileRef = C988030C2BA78D6500C7A0D6 /* CalculatorRow.swift */; };
		C98803102BA7982100C7A0D6 /* Calculator.swift in Sources */ = {isa = PBXBuildFile; fileRef = C988030F2BA7982100C7A0D6 /* Calculator.swift */; };
		C98803122BA7985200C7A0D6 /* Opeartor.swift in Sources */ = {isa = PBXBuildFile; fileRef = C98803112BA7985200C7A0D6 /* Opeartor.swift */; };
/* End PBXBuildFile section */

/* Begin PBXFileReference section */
		C98802F62BA78BE300C7A0D6 /* CalculatorApp.app */ = {isa = PBXFileReference; explicitFileType = wrapper.application; includeInIndex = 0; path = CalculatorApp.app; sourceTree = BUILT_PRODUCTS_DIR; };
		C98802F92BA78BE300C7A0D6 /* CalculatorAppApp.swift */ = {isa = PBXFileReference; lastKnownFileType = sourcecode.swift; path = CalculatorAppApp.swift; sourceTree = "<group>"; };
		C98802FB2BA78BE300C7A0D6 /* CalculatorHome.swift */ = {isa = PBXFileReference; lastKnownFileType = sourcecode.swift; path = CalculatorHome.swift; sourceTree = "<group>"; };
		C98802FD2BA78BE500C7A0D6 /* Assets.xcassets */ = {isa = PBXFileReference; lastKnownFileType = folder.assetcatalog; path = Assets.xcassets; sourceTree = "<group>"; };
		C98803002BA78BE500C7A0D6 /* Preview Assets.xcassets */ = {isa = PBXFileReference; lastKnownFileType = folder.assetcatalog; path = "Preview Assets.xcassets"; sourceTree = "<group>"; };
		C988030A2BA78C3B00C7A0D6 /* CalculatorButton.swift */ = {isa = PBXFileReference; lastKnownFileType = sourcecode.swift; path = CalculatorButton.swift; sourceTree = "<group>"; };
		C988030C2BA78D6500C7A0D6 /* CalculatorRow.swift */ = {isa = PBXFileReference; lastKnownFileType = sourcecode.swift; path = CalculatorRow.swift; sourceTree = "<group>"; };
		C988030F2BA7982100C7A0D6 /* Calculator.swift */ = {isa = PBXFileReference; lastKnownFileType = sourcecode.swift; path = Calculator.swift; sourceTree = "<group>"; };
		C98803112BA7985200C7A0D6 /* Opeartor.swift */ = {isa = PBXFileReference; lastKnownFileType = sourcecode.swift; path = Opeartor.swift; sourceTree = "<group>"; };
/* End PBXFileReference section */

/* Begin PBXFrameworksBuildPhase section */
		C98802F32BA78BE300C7A0D6 /* Frameworks */ = {
			isa = PBXFrameworksBuildPhase;
			buildActionMask = 2147483647;
			files = (
			);
			runOnlyForDeploymentPostprocessing = 0;
		};
/* End PBXFrameworksBuildPhase section */

/* Begin PBXGroup section */
		C98802ED2BA78BE300C7A0D6 = {
			isa = PBXGroup;
			children = (
				C98802F82BA78BE300C7A0D6 /* CalculatorApp */,
				C98802F72BA78BE300C7A0D6 /* Products */,
			);
			sourceTree = "<group>";
		};
		C98802F72BA78BE300C7A0D6 /* Products */ = {
			isa = PBXGroup;
			children = (
				C98802F62BA78BE300C7A0D6 /* CalculatorApp.app */,
			);
			name = Products;
			sourceTree = "<group>";
		};
		C98802F82BA78BE300C7A0D6 /* CalculatorApp */ = {
			isa = PBXGroup;
			children = (
				C98803082BA78C0100C7A0D6 /* App */,
				C98803072BA78BFB00C7A0D6 /* Root */,
				C98803092BA78C1E00C7A0D6 /* Components */,
				C988030E2BA7980800C7A0D6 /* Model */,
				C98802FD2BA78BE500C7A0D6 /* Assets.xcassets */,
				C98802FF2BA78BE500C7A0D6 /* Preview Content */,
			);
			path = CalculatorApp;
			sourceTree = "<group>";
		};
		C98802FF2BA78BE500C7A0D6 /* Preview Content */ = {
			isa = PBXGroup;
			children = (
				C98803002BA78BE500C7A0D6 /* Preview Assets.xcassets */,
			);
			path = "Preview Content";
			sourceTree = "<group>";
		};
		C98803072BA78BFB00C7A0D6 /* Root */ = {
			isa = PBXGroup;
			children = (
				C98802FB2BA78BE300C7A0D6 /* CalculatorHome.swift */,
			);
			path = Root;
			sourceTree = "<group>";
		};
		C98803082BA78C0100C7A0D6 /* App */ = {
			isa = PBXGroup;
			children = (
				C98802F92BA78BE300C7A0D6 /* CalculatorAppApp.swift */,
			);
			path = App;
			sourceTree = "<group>";
		};
		C98803092BA78C1E00C7A0D6 /* Components */ = {
			isa = PBXGroup;
			children = (
				C988030A2BA78C3B00C7A0D6 /* CalculatorButton.swift */,
				C988030C2BA78D6500C7A0D6 /* CalculatorRow.swift */,
			);
			path = Components;
			sourceTree = "<group>";
		};
		C988030E2BA7980800C7A0D6 /* Model */ = {
			isa = PBXGroup;
			children = (
				C988030F2BA7982100C7A0D6 /* Calculator.swift */,
				C98803112BA7985200C7A0D6 /* Opeartor.swift */,
			);
			path = Model;
			sourceTree = "<group>";
		};
/* End PBXGroup section */

/* Begin PBXNativeTarget section */
		C98802F52BA78BE300C7A0D6 /* CalculatorApp */ = {
			isa = PBXNativeTarget;
			buildConfigurationList = C98803042BA78BE500C7A0D6 /* Build configuration list for PBXNativeTarget "CalculatorApp" */;
			buildPhases = (
				C98802F22BA78BE300C7A0D6 /* Sources */,
				C98802F32BA78BE300C7A0D6 /* Frameworks */,
				C98802F42BA78BE300C7A0D6 /* Resources */,
			);
			buildRules = (
			);
			dependencies = (
			);
			name = CalculatorApp;
			productName = CalculatorApp;
			productReference = C98802F62BA78BE300C7A0D6 /* CalculatorApp.app */;
			productType = "com.apple.product-type.application";
		};
/* End PBXNativeTarget section */

/* Begin PBXProject section */
		C98802EE2BA78BE300C7A0D6 /* Project object */ = {
			isa = PBXProject;
			attributes = {
				BuildIndependentTargetsInParallel = 1;
				LastSwiftUpdateCheck = 1530;
				LastUpgradeCheck = 1530;
				TargetAttributes = {
					C98802F52BA78BE300C7A0D6 = {
						CreatedOnToolsVersion = 15.3;
					};
				};
			};
			buildConfigurationList = C98802F12BA78BE300C7A0D6 /* Build configuration list for PBXProject "CalculatorApp" */;
			compatibilityVersion = "Xcode 14.0";
			developmentRegion = en;
			hasScannedForEncodings = 0;
			knownRegions = (
				en,
				Base,
			);
			mainGroup = C98802ED2BA78BE300C7A0D6;
			productRefGroup = C98802F72BA78BE300C7A0D6 /* Products */;
			projectDirPath = "";
			projectRoot = "";
			targets = (
				C98802F52BA78BE300C7A0D6 /* CalculatorApp */,
			);
		};
/* End PBXProject section */

/* Begin PBXResourcesBuildPhase section */
		C98802F42BA78BE300C7A0D6 /* Resources */ = {
			isa = PBXResourcesBuildPhase;
			buildActionMask = 2147483647;
			files = (
				C98803012BA78BE500C7A0D6 /* Preview Assets.xcassets in Resources */,
				C98802FE2BA78BE500C7A0D6 /* Assets.xcassets in Resources */,
			);
			runOnlyForDeploymentPostprocessing = 0;
		};
/* End PBXResourcesBuildPhase section */

/* Begin PBXSourcesBuildPhase section */
		C98802F22BA78BE300C7A0D6 /* Sources */ = {
			isa = PBXSourcesBuildPhase;
			buildActionMask = 2147483647;
			files = (
				C988030D2BA78D6500C7A0D6 /* CalculatorRow.swift in Sources */,
				C98802FC2BA78BE300C7A0D6 /* CalculatorHome.swift in Sources */,
				C988030B2BA78C3B00C7A0D6 /* CalculatorButton.swift in Sources */,
				C98803102BA7982100C7A0D6 /* Calculator.swift in Sources */,
				C98802FA2BA78BE300C7A0D6 /* CalculatorAppApp.swift in Sources */,
				C98803122BA7985200C7A0D6 /* Opeartor.swift in Sources */,
			);
			runOnlyForDeploymentPostprocessing = 0;
		};
/* End PBXSourcesBuildPhase section */

/* Begin XCBuildConfiguration section */
		C98803022BA78BE500C7A0D6 /* Debug */ = {
			isa = XCBuildConfiguration;
			buildSettings = {
				ALWAYS_SEARCH_USER_PATHS = NO;
				ASSETCATALOG_COMPILER_GENERATE_SWIFT_ASSET_SYMBOL_EXTENSIONS = YES;
				CLANG_ANALYZER_NONNULL = YES;
				CLANG_ANALYZER_NUMBER_OBJECT_CONVERSION = YES_AGGRESSIVE;
				CLANG_CXX_LANGUAGE_STANDARD = "gnu++20";
				CLANG_ENABLE_MODULES = YES;
				CLANG_ENABLE_OBJC_ARC = YES;
				CLANG_ENABLE_OBJC_WEAK = YES;
				CLANG_WARN_BLOCK_CAPTURE_AUTORELEASING = YES;
				CLANG_WARN_BOOL_CONVERSION = YES;
				CLANG_WARN_COMMA = YES;
				CLANG_WARN_CONSTANT_CONVERSION = YES;
				CLANG_WARN_DEPRECATED_OBJC_IMPLEMENTATIONS = YES;
				CLANG_WARN_DIRECT_OBJC_ISA_USAGE = YES_ERROR;
				CLANG_WARN_DOCUMENTATION_COMMENTS = YES;
				CLANG_WARN_EMPTY_BODY = YES;
				CLANG_WARN_ENUM_CONVERSION = YES;
				CLANG_WARN_INFINITE_RECURSION = YES;
				CLANG_WARN_INT_CONVERSION = YES;
				CLANG_WARN_NON_LITERAL_NULL_CONVERSION = YES;
				CLANG_WARN_OBJC_IMPLICIT_RETAIN_SELF = YES;
				CLANG_WARN_OBJC_LITERAL_CONVERSION = YES;
				CLANG_WARN_OBJC_ROOT_CLASS = YES_ERROR;
				CLANG_WARN_QUOTED_INCLUDE_IN_FRAMEWORK_HEADER = YES;
				CLANG_WARN_RANGE_LOOP_ANALYSIS = YES;
				CLANG_WARN_STRICT_PROTOTYPES = YES;
				CLANG_WARN_SUSPICIOUS_MOVE = YES;
				CLANG_WARN_UNGUARDED_AVAILABILITY = YES_AGGRESSIVE;
				CLANG_WARN_UNREACHABLE_CODE = YES;
				CLANG_WARN__DUPLICATE_METHOD_MATCH = YES;
				COPY_PHASE_STRIP = NO;
				DEBUG_INFORMATION_FORMAT = dwarf;
				ENABLE_STRICT_OBJC_MSGSEND = YES;
				ENABLE_TESTABILITY = YES;
				ENABLE_USER_SCRIPT_SANDBOXING = YES;
				GCC_C_LANGUAGE_STANDARD = gnu17;
				GCC_DYNAMIC_NO_PIC = NO;
				GCC_NO_COMMON_BLOCKS = YES;
				GCC_OPTIMIZATION_LEVEL = 0;
				GCC_PREPROCESSOR_DEFINITIONS = (
					"DEBUG=1",
					"$(inherited)",
				);
				GCC_WARN_64_TO_32_BIT_CONVERSION = YES;
				GCC_WARN_ABOUT_RETURN_TYPE = YES_ERROR;
				GCC_WARN_UNDECLARED_SELECTOR = YES;
				GCC_WARN_UNINITIALIZED_AUTOS = YES_AGGRESSIVE;
				GCC_WARN_UNUSED_FUNCTION = YES;
				GCC_WARN_UNUSED_VARIABLE = YES;
				IPHONEOS_DEPLOYMENT_TARGET = 17.4;
				LOCALIZATION_PREFERS_STRING_CATALOGS = YES;
				MTL_ENABLE_DEBUG_INFO = INCLUDE_SOURCE;
				MTL_FAST_MATH = YES;
				ONLY_ACTIVE_ARCH = YES;
				SDKROOT = iphoneos;
				SWIFT_ACTIVE_COMPILATION_CONDITIONS = "DEBUG $(inherited)";
				SWIFT_OPTIMIZATION_LEVEL = "-Onone";
			};
			name = Debug;
		};
		C98803032BA78BE500C7A0D6 /* Release */ = {
			isa = XCBuildConfiguration;
			buildSettings = {
				ALWAYS_SEARCH_USER_PATHS = NO;
				ASSETCATALOG_COMPILER_GENERATE_SWIFT_ASSET_SYMBOL_EXTENSIONS = YES;
				CLANG_ANALYZER_NONNULL = YES;
				CLANG_ANALYZER_NUMBER_OBJECT_CONVERSION = YES_AGGRESSIVE;
				CLANG_CXX_LANGUAGE_STANDARD = "gnu++20";
				CLANG_ENABLE_MODULES = YES;
				CLANG_ENABLE_OBJC_ARC = YES;
				CLANG_ENABLE_OBJC_WEAK = YES;
				CLANG_WARN_BLOCK_CAPTURE_AUTORELEASING = YES;
				CLANG_WARN_BOOL_CONVERSION = YES;
				CLANG_WARN_COMMA = YES;
				CLANG_WARN_CONSTANT_CONVERSION = YES;
				CLANG_WARN_DEPRECATED_OBJC_IMPLEMENTATIONS = YES;
				CLANG_WARN_DIRECT_OBJC_ISA_USAGE = YES_ERROR;
				CLANG_WARN_DOCUMENTATION_COMMENTS = YES;
				CLANG_WARN_EMPTY_BODY = YES;
				CLANG_WARN_ENUM_CONVERSION = YES;
				CLANG_WARN_INFINITE_RECURSION = YES;
				CLANG_WARN_INT_CONVERSION = YES;
				CLANG_WARN_NON_LITERAL_NULL_CONVERSION = YES;
				CLANG_WARN_OBJC_IMPLICIT_RETAIN_SELF = YES;
				CLANG_WARN_OBJC_LITERAL_CONVERSION = YES;
				CLANG_WARN_OBJC_ROOT_CLASS = YES_ERROR;
				CLANG_WARN_QUOTED_INCLUDE_IN_FRAMEWORK_HEADER = YES;
				CLANG_WARN_RANGE_LOOP_ANALYSIS = YES;
				CLANG_WARN_STRICT_PROTOTYPES = YES;
				CLANG_WARN_SUSPICIOUS_MOVE = YES;
				CLANG_WARN_UNGUARDED_AVAILABILITY = YES_AGGRESSIVE;
				CLANG_WARN_UNREACHABLE_CODE = YES;
				CLANG_WARN__DUPLICATE_METHOD_MATCH = YES;
				COPY_PHASE_STRIP = NO;
				DEBUG_INFORMATION_FORMAT = "dwarf-with-dsym";
				ENABLE_NS_ASSERTIONS = NO;
				ENABLE_STRICT_OBJC_MSGSEND = YES;
				ENABLE_USER_SCRIPT_SANDBOXING = YES;
				GCC_C_LANGUAGE_STANDARD = gnu17;
				GCC_NO_COMMON_BLOCKS = YES;
				GCC_WARN_64_TO_32_BIT_CONVERSION = YES;
				GCC_WARN_ABOUT_RETURN_TYPE = YES_ERROR;
				GCC_WARN_UNDECLARED_SELECTOR = YES;
				GCC_WARN_UNINITIALIZED_AUTOS = YES_AGGRESSIVE;
				GCC_WARN_UNUSED_FUNCTION = YES;
				GCC_WARN_UNUSED_VARIABLE = YES;
				IPHONEOS_DEPLOYMENT_TARGET = 17.4;
				LOCALIZATION_PREFERS_STRING_CATALOGS = YES;
				MTL_ENABLE_DEBUG_INFO = NO;
				MTL_FAST_MATH = YES;
				SDKROOT = iphoneos;
				SWIFT_COMPILATION_MODE = wholemodule;
				VALIDATE_PRODUCT = YES;
			};
			name = Release;
		};
		C98803052BA78BE500C7A0D6 /* Debug */ = {
			isa = XCBuildConfiguration;
			buildSettings = {
				ASSETCATALOG_COMPILER_APPICON_NAME = AppIcon;
				ASSETCATALOG_COMPILER_GLOBAL_ACCENT_COLOR_NAME = AccentColor;
				CODE_SIGN_STYLE = Automatic;
				CURRENT_PROJECT_VERSION = 1;
				DEVELOPMENT_ASSET_PATHS = "\"CalculatorApp/Preview Content\"";
				ENABLE_PREVIEWS = YES;
				GENERATE_INFOPLIST_FILE = YES;
				INFOPLIST_KEY_UIApplicationSceneManifest_Generation = YES;
				INFOPLIST_KEY_UIApplicationSupportsIndirectInputEvents = YES;
				INFOPLIST_KEY_UILaunchScreen_Generation = YES;
				INFOPLIST_KEY_UISupportedInterfaceOrientations_iPad = "UIInterfaceOrientationPortrait UIInterfaceOrientationPortraitUpsideDown UIInterfaceOrientationLandscapeLeft UIInterfaceOrientationLandscapeRight";
				INFOPLIST_KEY_UISupportedInterfaceOrientations_iPhone = "UIInterfaceOrientationPortrait UIInterfaceOrientationLandscapeLeft UIInterfaceOrientationLandscapeRight";
				LD_RUNPATH_SEARCH_PATHS = (
					"$(inherited)",
					"@executable_path/Frameworks",
				);
				MARKETING_VERSION = 1.0;
				PRODUCT_BUNDLE_IDENTIFIER = com.khan.HalloDeutsch.CalculatorApp;
				PRODUCT_NAME = "$(TARGET_NAME)";
				SWIFT_EMIT_LOC_STRINGS = YES;
				SWIFT_VERSION = 5.0;
				TARGETED_DEVICE_FAMILY = "1,2";
			};
			name = Debug;
		};
		C98803062BA78BE500C7A0D6 /* Release */ = {
			isa = XCBuildConfiguration;
			buildSettings = {
				ASSETCATALOG_COMPILER_APPICON_NAME = AppIcon;
				ASSETCATALOG_COMPILER_GLOBAL_ACCENT_COLOR_NAME = AccentColor;
				CODE_SIGN_STYLE = Automatic;
				CURRENT_PROJECT_VERSION = 1;
				DEVELOPMENT_ASSET_PATHS = "\"CalculatorApp/Preview Content\"";
				ENABLE_PREVIEWS = YES;
				GENERATE_INFOPLIST_FILE = YES;
				INFOPLIST_KEY_UIApplicationSceneManifest_Generation = YES;
				INFOPLIST_KEY_UIApplicationSupportsIndirectInputEvents = YES;
				INFOPLIST_KEY_UILaunchScreen_Generation = YES;
				INFOPLIST_KEY_UISupportedInterfaceOrientations_iPad = "UIInterfaceOrientationPortrait UIInterfaceOrientationPortraitUpsideDown UIInterfaceOrientationLandscapeLeft UIInterfaceOrientationLandscapeRight";
				INFOPLIST_KEY_UISupportedInterfaceOrientations_iPhone = "UIInterfaceOrientationPortrait UIInterfaceOrientationLandscapeLeft UIInterfaceOrientationLandscapeRight";
				LD_RUNPATH_SEARCH_PATHS = (
					"$(inherited)",
					"@executable_path/Frameworks",
				);
				MARKETING_VERSION = 1.0;
				PRODUCT_BUNDLE_IDENTIFIER = com.khan.HalloDeutsch.CalculatorApp;
				PRODUCT_NAME = "$(TARGET_NAME)";
				SWIFT_EMIT_LOC_STRINGS = YES;
				SWIFT_VERSION = 5.0;
				TARGETED_DEVICE_FAMILY = "1,2";
			};
			name = Release;
		};
/* End XCBuildConfiguration section */

/* Begin XCConfigurationList section */
		C98802F12BA78BE300C7A0D6 /* Build configuration list for PBXProject "CalculatorApp" */ = {
			isa = XCConfigurationList;
			buildConfigurations = (
				C98803022BA78BE500C7A0D6 /* Debug */,
				C98803032BA78BE500C7A0D6 /* Release */,
			);
			defaultConfigurationIsVisible = 0;
			defaultConfigurationName = Release;
		};
		C98803042BA78BE500C7A0D6 /* Build configuration list for PBXNativeTarget "CalculatorApp" */ = {
			isa = XCConfigurationList;
			buildConfigurations = (
				C98803052BA78BE500C7A0D6 /* Debug */,
				C98803062BA78BE500C7A0D6 /* Release */,
			);
			defaultConfigurationIsVisible = 0;
			defaultConfigurationName = Release;
		};
/* End XCConfigurationList section */
	};
	rootObject = C98802EE2BA78BE300C7A0D6 /* Project object */;
}
